// !$*UTF8*$!
{
	archiveVersion = 1;
	classes = {
	};
	objectVersion = 55;
	objects = {

/* Begin PBXBuildFile section */
		56943552272C330A00AEF540 /* AppDelegate.swift in Sources */ = {isa = PBXBuildFile; fileRef = 56943551272C330A00AEF540 /* AppDelegate.swift */; };
		56943554272C330A00AEF540 /* SceneDelegate.swift in Sources */ = {isa = PBXBuildFile; fileRef = 56943553272C330A00AEF540 /* SceneDelegate.swift */; };
		56943556272C330A00AEF540 /* ViewController.swift in Sources */ = {isa = PBXBuildFile; fileRef = 56943555272C330A00AEF540 /* ViewController.swift */; };
		56943559272C330A00AEF540 /* Main.storyboard in Resources */ = {isa = PBXBuildFile; fileRef = 56943557272C330A00AEF540 /* Main.storyboard */; };
		5694355E272C330C00AEF540 /* Assets.xcassets in Resources */ = {isa = PBXBuildFile; fileRef = 5694355D272C330C00AEF540 /* Assets.xcassets */; };
		56943561272C330C00AEF540 /* LaunchScreen.storyboard in Resources */ = {isa = PBXBuildFile; fileRef = 5694355F272C330C00AEF540 /* LaunchScreen.storyboard */; };
		56943569272C53CA00AEF540 /* NoteViewController.swift in Sources */ = {isa = PBXBuildFile; fileRef = 56943568272C53CA00AEF540 /* NoteViewController.swift */; };
		5694356B272C8B2600AEF540 /* NoteCell.swift in Sources */ = {isa = PBXBuildFile; fileRef = 5694356A272C8B2600AEF540 /* NoteCell.swift */; };
		56E7691E272C9116003E12EA /* Note+CoreDataClass.swift in Sources */ = {isa = PBXBuildFile; fileRef = 56E7691C272C9116003E12EA /* Note+CoreDataClass.swift */; };
		56E7691F272C9116003E12EA /* Note+CoreDataProperties.swift in Sources */ = {isa = PBXBuildFile; fileRef = 56E7691D272C9116003E12EA /* Note+CoreDataProperties.swift */; };
		56F11BF9272C8FE900333907 /* CoreDataNotes.xcdatamodeld in Sources */ = {isa = PBXBuildFile; fileRef = 56F11BF7272C8FE900333907 /* CoreDataNotes.xcdatamodeld */; };
/* End PBXBuildFile section */

/* Begin PBXFileReference section */
		5694354E272C330A00AEF540 /* alan_bishaev_PW4.app */ = {isa = PBXFileReference; explicitFileType = wrapper.application; includeInIndex = 0; path = alan_bishaev_PW4.app; sourceTree = BUILT_PRODUCTS_DIR; };
		56943551272C330A00AEF540 /* AppDelegate.swift */ = {isa = PBXFileReference; lastKnownFileType = sourcecode.swift; path = AppDelegate.swift; sourceTree = "<group>"; };
		56943553272C330A00AEF540 /* SceneDelegate.swift */ = {isa = PBXFileReference; lastKnownFileType = sourcecode.swift; path = SceneDelegate.swift; sourceTree = "<group>"; };
		56943555272C330A00AEF540 /* ViewController.swift */ = {isa = PBXFileReference; lastKnownFileType = sourcecode.swift; path = ViewController.swift; sourceTree = "<group>"; };
		56943558272C330A00AEF540 /* Base */ = {isa = PBXFileReference; lastKnownFileType = file.storyboard; name = Base; path = Base.lproj/Main.storyboard; sourceTree = "<group>"; };
		5694355D272C330C00AEF540 /* Assets.xcassets */ = {isa = PBXFileReference; lastKnownFileType = folder.assetcatalog; path = Assets.xcassets; sourceTree = "<group>"; };
		56943560272C330C00AEF540 /* Base */ = {isa = PBXFileReference; lastKnownFileType = file.storyboard; name = Base; path = Base.lproj/LaunchScreen.storyboard; sourceTree = "<group>"; };
		56943562272C330C00AEF540 /* Info.plist */ = {isa = PBXFileReference; lastKnownFileType = text.plist.xml; path = Info.plist; sourceTree = "<group>"; };
		56943568272C53CA00AEF540 /* NoteViewController.swift */ = {isa = PBXFileReference; lastKnownFileType = sourcecode.swift; path = NoteViewController.swift; sourceTree = "<group>"; };
		5694356A272C8B2600AEF540 /* NoteCell.swift */ = {isa = PBXFileReference; lastKnownFileType = sourcecode.swift; path = NoteCell.swift; sourceTree = "<group>"; };
		56E7691C272C9116003E12EA /* Note+CoreDataClass.swift */ = {isa = PBXFileReference; lastKnownFileType = sourcecode.swift; path = "Note+CoreDataClass.swift"; sourceTree = "<group>"; };
		56E7691D272C9116003E12EA /* Note+CoreDataProperties.swift */ = {isa = PBXFileReference; lastKnownFileType = sourcecode.swift; path = "Note+CoreDataProperties.swift"; sourceTree = "<group>"; };
		56F11BF8272C8FE900333907 /* CoreDataNotes.xcdatamodel */ = {isa = PBXFileReference; lastKnownFileType = wrapper.xcdatamodel; path = CoreDataNotes.xcdatamodel; sourceTree = "<group>"; };
/* End PBXFileReference section */

/* Begin PBXFrameworksBuildPhase section */
		5694354B272C330A00AEF540 /* Frameworks */ = {
			isa = PBXFrameworksBuildPhase;
			buildActionMask = 2147483647;
			files = (
			);
			runOnlyForDeploymentPostprocessing = 0;
		};
/* End PBXFrameworksBuildPhase section */

/* Begin PBXGroup section */
		56943545272C330900AEF540 = {
			isa = PBXGroup;
			children = (
				56E7691C272C9116003E12EA /* Note+CoreDataClass.swift */,
				56E7691D272C9116003E12EA /* Note+CoreDataProperties.swift */,
				56943550272C330A00AEF540 /* alan_bishaev_PW4 */,
				5694354F272C330A00AEF540 /* Products */,
			);
			sourceTree = "<group>";
		};
		5694354F272C330A00AEF540 /* Products */ = {
			isa = PBXGroup;
			children = (
				5694354E272C330A00AEF540 /* alan_bishaev_PW4.app */,
			);
			name = Products;
			sourceTree = "<group>";
		};
		56943550272C330A00AEF540 /* alan_bishaev_PW4 */ = {
			isa = PBXGroup;
			children = (
				5694356A272C8B2600AEF540 /* NoteCell.swift */,
				56943551272C330A00AEF540 /* AppDelegate.swift */,
				56943553272C330A00AEF540 /* SceneDelegate.swift */,
				56943555272C330A00AEF540 /* ViewController.swift */,
				56943557272C330A00AEF540 /* Main.storyboard */,
				5694355D272C330C00AEF540 /* Assets.xcassets */,
				5694355F272C330C00AEF540 /* LaunchScreen.storyboard */,
				56943562272C330C00AEF540 /* Info.plist */,
				56943568272C53CA00AEF540 /* NoteViewController.swift */,
				56F11BF7272C8FE900333907 /* CoreDataNotes.xcdatamodeld */,
			);
			path = alan_bishaev_PW4;
			sourceTree = "<group>";
		};
/* End PBXGroup section */

/* Begin PBXNativeTarget section */
		5694354D272C330A00AEF540 /* alan_bishaev_PW4 */ = {
			isa = PBXNativeTarget;
			buildConfigurationList = 56943565272C330C00AEF540 /* Build configuration list for PBXNativeTarget "alan_bishaev_PW4" */;
			buildPhases = (
				5694354A272C330A00AEF540 /* Sources */,
				5694354B272C330A00AEF540 /* Frameworks */,
				5694354C272C330A00AEF540 /* Resources */,
			);
			buildRules = (
			);
			dependencies = (
			);
			name = alan_bishaev_PW4;
			productName = alan_bishaev_PW4;
			productReference = 5694354E272C330A00AEF540 /* alan_bishaev_PW4.app */;
			productType = "com.apple.product-type.application";
		};
/* End PBXNativeTarget section */

/* Begin PBXProject section */
		56943546272C330A00AEF540 /* Project object */ = {
			isa = PBXProject;
			attributes = {
				BuildIndependentTargetsInParallel = 1;
				LastSwiftUpdateCheck = 1300;
				LastUpgradeCheck = 1300;
				TargetAttributes = {
					5694354D272C330A00AEF540 = {
						CreatedOnToolsVersion = 13.0;
					};
				};
			};
			buildConfigurationList = 56943549272C330A00AEF540 /* Build configuration list for PBXProject "alan_bishaev_PW4" */;
			compatibilityVersion = "Xcode 13.0";
			developmentRegion = en;
			hasScannedForEncodings = 0;
			knownRegions = (
				en,
				Base,
			);
			mainGroup = 56943545272C330900AEF540;
			productRefGroup = 5694354F272C330A00AEF540 /* Products */;
			projectDirPath = "";
			projectRoot = "";
			targets = (
				5694354D272C330A00AEF540 /* alan_bishaev_PW4 */,
			);
		};
/* End PBXProject section */

/* Begin PBXResourcesBuildPhase section */
		5694354C272C330A00AEF540 /* Resources */ = {
			isa = PBXResourcesBuildPhase;
			buildActionMask = 2147483647;
			files = (
				56943561272C330C00AEF540 /* LaunchScreen.storyboard in Resources */,
				5694355E272C330C00AEF540 /* Assets.xcassets in Resources */,
				56943559272C330A00AEF540 /* Main.storyboard in Resources */,
			);
			runOnlyForDeploymentPostprocessing = 0;
		};
/* End PBXResourcesBuildPhase section */

/* Begin PBXSourcesBuildPhase section */
		5694354A272C330A00AEF540 /* Sources */ = {
			isa = PBXSourcesBuildPhase;
			buildActionMask = 2147483647;
			files = (
				56943556272C330A00AEF540 /* ViewController.swift in Sources */,
				56E7691F272C9116003E12EA /* Note+CoreDataProperties.swift in Sources */,
				56E7691E272C9116003E12EA /* Note+CoreDataClass.swift in Sources */,
				56943552272C330A00AEF540 /* AppDelegate.swift in Sources */,
				5694356B272C8B2600AEF540 /* NoteCell.swift in Sources */,
				56943569272C53CA00AEF540 /* NoteViewController.swift in Sources */,
				56943554272C330A00AEF540 /* SceneDelegate.swift in Sources */,
				56F11BF9272C8FE900333907 /* CoreDataNotes.xcdatamodeld in Sources */,
			);
			runOnlyForDeploymentPostprocessing = 0;
		};
/* End PBXSourcesBuildPhase section */

/* Begin PBXVariantGroup section */
		56943557272C330A00AEF540 /* Main.storyboard */ = {
			isa = PBXVariantGroup;
			children = (
				56943558272C330A00AEF540 /* Base */,
			);
			name = Main.storyboard;
			sourceTree = "<group>";
		};
		5694355F272C330C00AEF540 /* LaunchScreen.storyboard */ = {
			isa = PBXVariantGroup;
			children = (
				56943560272C330C00AEF540 /* Base */,
			);
			name = LaunchScreen.storyboard;
			sourceTree = "<group>";
		};
/* End PBXVariantGroup section */

/* Begin XCBuildConfiguration section */
		56943563272C330C00AEF540 /* Debug */ = {
			isa = XCBuildConfiguration;
			buildSettings = {
				ALWAYS_SEARCH_USER_PATHS = NO;
				CLANG_ANALYZER_NONNULL = YES;
				CLANG_ANALYZER_NUMBER_OBJECT_CONVERSION = YES_AGGRESSIVE;
				CLANG_CXX_LANGUAGE_STANDARD = "gnu++17";
				CLANG_CXX_LIBRARY = "libc++";
				CLANG_ENABLE_MODULES = YES;
				CLANG_ENABLE_OBJC_ARC = YES;
				CLANG_ENABLE_OBJC_WEAK = YES;
				CLANG_WARN_BLOCK_CAPTURE_AUTORELEASING = YES;
				CLANG_WARN_BOOL_CONVERSION = YES;
				CLANG_WARN_COMMA = YES;
				CLANG_WARN_CONSTANT_CONVERSION = YES;
				CLANG_WARN_DEPRECATED_OBJC_IMPLEMENTATIONS = YES;
				CLANG_WARN_DIRECT_OBJC_ISA_USAGE = YES_ERROR;
				CLANG_WARN_DOCUMENTATION_COMMENTS = YES;
				CLANG_WARN_EMPTY_BODY = YES;
				CLANG_WARN_ENUM_CONVERSION = YES;
				CLANG_WARN_INFINITE_RECURSION = YES;
				CLANG_WARN_INT_CONVERSION = YES;
				CLANG_WARN_NON_LITERAL_NULL_CONVERSION = YES;
				CLANG_WARN_OBJC_IMPLICIT_RETAIN_SELF = YES;
				CLANG_WARN_OBJC_LITERAL_CONVERSION = YES;
				CLANG_WARN_OBJC_ROOT_CLASS = YES_ERROR;
				CLANG_WARN_QUOTED_INCLUDE_IN_FRAMEWORK_HEADER = YES;
				CLANG_WARN_RANGE_LOOP_ANALYSIS = YES;
				CLANG_WARN_STRICT_PROTOTYPES = YES;
				CLANG_WARN_SUSPICIOUS_MOVE = YES;
				CLANG_WARN_UNGUARDED_AVAILABILITY = YES_AGGRESSIVE;
				CLANG_WARN_UNREACHABLE_CODE = YES;
				CLANG_WARN__DUPLICATE_METHOD_MATCH = YES;
				COPY_PHASE_STRIP = NO;
				DEBUG_INFORMATION_FORMAT = dwarf;
				ENABLE_STRICT_OBJC_MSGSEND = YES;
				ENABLE_TESTABILITY = YES;
				GCC_C_LANGUAGE_STANDARD = gnu11;
				GCC_DYNAMIC_NO_PIC = NO;
				GCC_NO_COMMON_BLOCKS = YES;
				GCC_OPTIMIZATION_LEVEL = 0;
				GCC_PREPROCESSOR_DEFINITIONS = (
					"DEBUG=1",
					"$(inherited)",
				);
				GCC_WARN_64_TO_32_BIT_CONVERSION = YES;
				GCC_WARN_ABOUT_RETURN_TYPE = YES_ERROR;
				GCC_WARN_UNDECLARED_SELECTOR = YES;
				GCC_WARN_UNINITIALIZED_AUTOS = YES_AGGRESSIVE;
				GCC_WARN_UNUSED_FUNCTION = YES;
				GCC_WARN_UNUSED_VARIABLE = YES;
				IPHONEOS_DEPLOYMENT_TARGET = 15.0;
				MTL_ENABLE_DEBUG_INFO = INCLUDE_SOURCE;
				MTL_FAST_MATH = YES;
				ONLY_ACTIVE_ARCH = YES;
				SDKROOT = iphoneos;
				SWIFT_ACTIVE_COMPILATION_CONDITIONS = DEBUG;
				SWIFT_OPTIMIZATION_LEVEL = "-Onone";
			};
			name = Debug;
		};
		56943564272C330C00AEF540 /* Release */ = {
			isa = XCBuildConfiguration;
			buildSettings = {
				ALWAYS_SEARCH_USER_PATHS = NO;
				CLANG_ANALYZER_NONNULL = YES;
				CLANG_ANALYZER_NUMBER_OBJECT_CONVERSION = YES_AGGRESSIVE;
				CLANG_CXX_LANGUAGE_STANDARD = "gnu++17";
				CLANG_CXX_LIBRARY = "libc++";
				CLANG_ENABLE_MODULES = YES;
				CLANG_ENABLE_OBJC_ARC = YES;
				CLANG_ENABLE_OBJC_WEAK = YES;
				CLANG_WARN_BLOCK_CAPTURE_AUTORELEASING = YES;
				CLANG_WARN_BOOL_CONVERSION = YES;
				CLANG_WARN_COMMA = YES;
				CLANG_WARN_CONSTANT_CONVERSION = YES;
				CLANG_WARN_DEPRECATED_OBJC_IMPLEMENTATIONS = YES;
				CLANG_WARN_DIRECT_OBJC_ISA_USAGE = YES_ERROR;
				CLANG_WARN_DOCUMENTATION_COMMENTS = YES;
				CLANG_WARN_EMPTY_BODY = YES;
				CLANG_WARN_ENUM_CONVERSION = YES;
				CLANG_WARN_INFINITE_RECURSION = YES;
				CLANG_WARN_INT_CONVERSION = YES;
				CLANG_WARN_NON_LITERAL_NULL_CONVERSION = YES;
				CLANG_WARN_OBJC_IMPLICIT_RETAIN_SELF = YES;
				CLANG_WARN_OBJC_LITERAL_CONVERSION = YES;
				CLANG_WARN_OBJC_ROOT_CLASS = YES_ERROR;
				CLANG_WARN_QUOTED_INCLUDE_IN_FRAMEWORK_HEADER = YES;
				CLANG_WARN_RANGE_LOOP_ANALYSIS = YES;
				CLANG_WARN_STRICT_PROTOTYPES = YES;
				CLANG_WARN_SUSPICIOUS_MOVE = YES;
				CLANG_WARN_UNGUARDED_AVAILABILITY = YES_AGGRESSIVE;
				CLANG_WARN_UNREACHABLE_CODE = YES;
				CLANG_WARN__DUPLICATE_METHOD_MATCH = YES;
				COPY_PHASE_STRIP = NO;
				DEBUG_INFORMATION_FORMAT = "dwarf-with-dsym";
				ENABLE_NS_ASSERTIONS = NO;
				ENABLE_STRICT_OBJC_MSGSEND = YES;
				GCC_C_LANGUAGE_STANDARD = gnu11;
				GCC_NO_COMMON_BLOCKS = YES;
				GCC_WARN_64_TO_32_BIT_CONVERSION = YES;
				GCC_WARN_ABOUT_RETURN_TYPE = YES_ERROR;
				GCC_WARN_UNDECLARED_SELECTOR = YES;
				GCC_WARN_UNINITIALIZED_AUTOS = YES_AGGRESSIVE;
				GCC_WARN_UNUSED_FUNCTION = YES;
				GCC_WARN_UNUSED_VARIABLE = YES;
				IPHONEOS_DEPLOYMENT_TARGET = 15.0;
				MTL_ENABLE_DEBUG_INFO = NO;
				MTL_FAST_MATH = YES;
				SDKROOT = iphoneos;
				SWIFT_COMPILATION_MODE = wholemodule;
				SWIFT_OPTIMIZATION_LEVEL = "-O";
				VALIDATE_PRODUCT = YES;
			};
			name = Release;
		};
		56943566272C330C00AEF540 /* Debug */ = {
			isa = XCBuildConfiguration;
			buildSettings = {
				ASSETCATALOG_COMPILER_APPICON_NAME = AppIcon;
				ASSETCATALOG_COMPILER_GLOBAL_ACCENT_COLOR_NAME = AccentColor;
				CODE_SIGN_STYLE = Automatic;
				CURRENT_PROJECT_VERSION = 1;
				DEVELOPMENT_TEAM = 4ZLBWEC93L;
				GENERATE_INFOPLIST_FILE = YES;
				INFOPLIST_FILE = alan_bishaev_PW4/Info.plist;
				INFOPLIST_KEY_UIApplicationSupportsIndirectInputEvents = YES;
				INFOPLIST_KEY_UILaunchStoryboardName = LaunchScreen;
				INFOPLIST_KEY_UIMainStoryboardFile = Main;
				INFOPLIST_KEY_UISupportedInterfaceOrientations_iPad = "UIInterfaceOrientationPortrait UIInterfaceOrientationPortraitUpsideDown UIInterfaceOrientationLandscapeLeft UIInterfaceOrientationLandscapeRight";
				INFOPLIST_KEY_UISupportedInterfaceOrientations_iPhone = "UIInterfaceOrientationPortrait UIInterfaceOrientationLandscapeLeft UIInterfaceOrientationLandscapeRight";
				LD_RUNPATH_SEARCH_PATHS = (
					"$(inherited)",
					"@executable_path/Frameworks",
				);
				MARKETING_VERSION = 1.0;
				PRODUCT_BUNDLE_IDENTIFIER = "georgefed.alan-bishaev-PW4";
				PRODUCT_NAME = "$(TARGET_NAME)";
				SWIFT_EMIT_LOC_STRINGS = YES;
				SWIFT_VERSION = 5.0;
				TARGETED_DEVICE_FAMILY = "1,2";
			};
			name = Debug;
		};
		56943567272C330C00AEF540 /* Release */ = {
			isa = XCBuildConfiguration;
			buildSettings = {
				ASSETCATALOG_COMPILER_APPICON_NAME = AppIcon;
				ASSETCATALOG_COMPILER_GLOBAL_ACCENT_COLOR_NAME = AccentColor;
				CODE_SIGN_STYLE = Automatic;
				CURRENT_PROJECT_VERSION = 1;
				DEVELOPMENT_TEAM = 4ZLBWEC93L;
				GENERATE_INFOPLIST_FILE = YES;
				INFOPLIST_FILE = alan_bishaev_PW4/Info.plist;
				INFOPLIST_KEY_UIApplicationSupportsIndirectInputEvents = YES;
				INFOPLIST_KEY_UILaunchStoryboardName = LaunchScreen;
				INFOPLIST_KEY_UIMainStoryboardFile = Main;
				INFOPLIST_KEY_UISupportedInterfaceOrientations_iPad = "UIInterfaceOrientationPortrait UIInterfaceOrientationPortraitUpsideDown UIInterfaceOrientationLandscapeLeft UIInterfaceOrientationLandscapeRight";
				INFOPLIST_KEY_UISupportedInterfaceOrientations_iPhone = "UIInterfaceOrientationPortrait UIInterfaceOrientationLandscapeLeft UIInterfaceOrientationLandscapeRight";
				LD_RUNPATH_SEARCH_PATHS = (
					"$(inherited)",
					"@executable_path/Frameworks",
				);
				MARKETING_VERSION = 1.0;
				PRODUCT_BUNDLE_IDENTIFIER = "georgefed.alan-bishaev-PW4";
				PRODUCT_NAME = "$(TARGET_NAME)";
				SWIFT_EMIT_LOC_STRINGS = YES;
				SWIFT_VERSION = 5.0;
				TARGETED_DEVICE_FAMILY = "1,2";
			};
			name = Release;
		};
/* End XCBuildConfiguration section */

/* Begin XCConfigurationList section */
		56943549272C330A00AEF540 /* Build configuration list for PBXProject "alan_bishaev_PW4" */ = {
			isa = XCConfigurationList;
			buildConfigurations = (
				56943563272C330C00AEF540 /* Debug */,
				56943564272C330C00AEF540 /* Release */,
			);
			defaultConfigurationIsVisible = 0;
			defaultConfigurationName = Release;
		};
		56943565272C330C00AEF540 /* Build configuration list for PBXNativeTarget "alan_bishaev_PW4" */ = {
			isa = XCConfigurationList;
			buildConfigurations = (
				56943566272C330C00AEF540 /* Debug */,
				56943567272C330C00AEF540 /* Release */,
			);
			defaultConfigurationIsVisible = 0;
			defaultConfigurationName = Release;
		};
/* End XCConfigurationList section */

/* Begin XCVersionGroup section */
		56F11BF7272C8FE900333907 /* CoreDataNotes.xcdatamodeld */ = {
			isa = XCVersionGroup;
			children = (
				56F11BF8272C8FE900333907 /* CoreDataNotes.xcdatamodel */,
			);
			currentVersion = 56F11BF8272C8FE900333907 /* CoreDataNotes.xcdatamodel */;
			path = CoreDataNotes.xcdatamodeld;
			sourceTree = "<group>";
			versionGroupType = wrapper.xcdatamodel;
		};
/* End XCVersionGroup section */
	};
	rootObject = 56943546272C330A00AEF540 /* Project object */;
}
